lockfileVersion: '9.0'

settings:
  autoInstallPeers: true
  excludeLinksFromLockfile: false

importers:

  .:
    dependencies:
      ngxsmk-datepicker:
        specifier: ^1.9.23
        version: 1.9.23(@angular/common@21.0.6(@angular/core@21.0.6(rxjs@7.8.2))(rxjs@7.8.2))(@angular/core@21.0.6(rxjs@7.8.2))(@angular/forms@21.0.6(@angular/common@21.0.6(@angular/core@21.0.6(rxjs@7.8.2))(rxjs@7.8.2))(@angular/core@21.0.6(rxjs@7.8.2))(@angular/platform-browser@21.0.6(@angular/common@21.0.6(@angular/core@21.0.6(rxjs@7.8.2))(rxjs@7.8.2))(@angular/core@21.0.6(rxjs@7.8.2)))(rxjs@7.8.2))(luxon@3.7.2)

packages:

  '@angular/common@21.0.6':
    resolution: {integrity: sha512-Yd8PF0dR37FAzqEcBHAyVCiSGMJOezSJe6rV/4BC6AVLfaZ7oZLl8CNVxKsod2UHd6rKxt1hzx05QdVcVvYNeA==}
    engines: {node: ^20.19.0 || ^22.12.0 || >=24.0.0}
    peerDependencies:
      '@angular/core': 21.0.6
      rxjs: ^6.5.3 || ^7.4.0

  '@angular/core@21.0.6':
    resolution: {integrity: sha512-SvWbOkkrsqprYJSBmzQEWkWjfZB/jkRYyFp2ClMJBPqOLxP1a+i3Om2rolcNQjZPz87bs9FszwgRlXUy7sw5cQ==}
    engines: {node: ^20.19.0 || ^22.12.0 || >=24.0.0}
    peerDependencies:
      '@angular/compiler': 21.0.6
      rxjs: ^6.5.3 || ^7.4.0
      zone.js: ~0.15.0 || ~0.16.0
    peerDependenciesMeta:
      '@angular/compiler':
        optional: true
      zone.js:
        optional: true

  '@angular/forms@21.0.6':
    resolution: {integrity: sha512-aAkAAKuUrP8U7R4aH/HbmG/CXP90GlML77ECBI5b4qCSb+bvaTEYsaf85mCyTpr9jvGkia2LTe42hPcOuyzdsQ==}
    engines: {node: ^20.19.0 || ^22.12.0 || >=24.0.0}
    peerDependencies:
      '@angular/common': 21.0.6
      '@angular/core': 21.0.6
      '@angular/platform-browser': 21.0.6
      rxjs: ^6.5.3 || ^7.4.0

  '@angular/platform-browser@21.0.6':
    resolution: {integrity: sha512-tPk8rlUEBPXIUPRYq6Xu7QhJgKtnVr0dOHHuhyi70biKTupr5VikpZC5X9dy2Q3H3zYbK6MHC6384YMuwfU2kg==}
    engines: {node: ^20.19.0 || ^22.12.0 || >=24.0.0}
    peerDependencies:
      '@angular/animations': 21.0.6
      '@angular/common': 21.0.6
      '@angular/core': 21.0.6
    peerDependenciesMeta:
      '@angular/animations':
        optional: true

  '@standard-schema/spec@1.1.0':
    resolution: {integrity: sha512-l2aFy5jALhniG5HgqrD6jXLi/rUWrKvqN/qJx6yoJsgKhblVd+iqqU4RCXavm/jPityDo5TCvKMnpjKnOriy0w==}

  luxon@3.7.2:
    resolution: {integrity: sha512-vtEhXh/gNjI9Yg1u4jX/0YVPMvxzHuGgCm6tC5kZyb08yjGWGnqAjGJvcXbqQR2P3MyMEFnRbpcdFS6PBcLqew==}
    engines: {node: '>=12'}

  ngxsmk-datepicker@1.9.23:
    resolution: {integrity: sha512-9syaS2p+WswJC7YZ9+GuKNrLA/3zxM0/tSaoEqPzd8fC47sE2dvn+8vV87XiJOoLbUuXBKgySc5gZn4VaFgjbw==}
    engines: {node: '>=20.19.0 || >=22.12.0', npm: '>=10.0.0'}
    peerDependencies:
      '@angular/cdk': '*'
      '@angular/common': '>=17.0.0 <24.0.0'
      '@angular/core': '>=17.0.0 <24.0.0'
      '@angular/forms': '>=17.0.0 <24.0.0'
      '@angular/material': '*'
      luxon: ^3.0.0
      zone.js: '*'
    peerDependenciesMeta:
      '@angular/cdk':
        optional: true
      '@angular/material':
        optional: true
      zone.js:
        optional: true

  rxjs@7.8.2:
    resolution: {integrity: sha512-dhKf903U/PQZY6boNNtAGdWbG85WAbjT/1xYoZIC7FAY0yWapOBQVsVrDl58W86//e1VpMNBtRV4MaXfdMySFA==}

  tslib@2.8.1:
    resolution: {integrity: sha512-oJFu94HQb+KVduSUQL7wnpmqnfmLsOA/nAh6b6EH0wCEoK0/mPeXU6c3wKDV83MkOuHPRHtSXKKU99IBazS/2w==}

snapshots:

  '@angular/common@21.0.6(@angular/core@21.0.6(rxjs@7.8.2))(rxjs@7.8.2)':
    dependencies:
      '@angular/core': 21.0.6(rxjs@7.8.2)
      rxjs: 7.8.2
      tslib: 2.8.1

  '@angular/core@21.0.6(rxjs@7.8.2)':
    dependencies:
      rxjs: 7.8.2
      tslib: 2.8.1

  '@angular/forms@21.0.6(@angular/common@21.0.6(@angular/core@21.0.6(rxjs@7.8.2))(rxjs@7.8.2))(@angular/core@21.0.6(rxjs@7.8.2))(@angular/platform-browser@21.0.6(@angular/common@21.0.6(@angular/core@21.0.6(rxjs@7.8.2))(rxjs@7.8.2))(@angular/core@21.0.6(rxjs@7.8.2)))(rxjs@7.8.2)':
    dependencies:
      '@angular/common': 21.0.6(@angular/core@21.0.6(rxjs@7.8.2))(rxjs@7.8.2)
      '@angular/core': 21.0.6(rxjs@7.8.2)
      '@angular/platform-browser': 21.0.6(@angular/common@21.0.6(@angular/core@21.0.6(rxjs@7.8.2))(rxjs@7.8.2))(@angular/core@21.0.6(rxjs@7.8.2))
      '@standard-schema/spec': 1.1.0
      rxjs: 7.8.2
      tslib: 2.8.1

  '@angular/platform-browser@21.0.6(@angular/common@21.0.6(@angular/core@21.0.6(rxjs@7.8.2))(rxjs@7.8.2))(@angular/core@21.0.6(rxjs@7.8.2))':
    dependencies:
      '@angular/common': 21.0.6(@angular/core@21.0.6(rxjs@7.8.2))(rxjs@7.8.2)
      '@angular/core': 21.0.6(rxjs@7.8.2)
      tslib: 2.8.1

  '@standard-schema/spec@1.1.0': {}

  luxon@3.7.2: {}

  ngxsmk-datepicker@1.9.23(@angular/common@21.0.6(@angular/core@21.0.6(rxjs@7.8.2))(rxjs@7.8.2))(@angular/core@21.0.6(rxjs@7.8.2))(@angular/forms@21.0.6(@angular/common@21.0.6(@angular/core@21.0.6(rxjs@7.8.2))(rxjs@7.8.2))(@angular/core@21.0.6(rxjs@7.8.2))(@angular/platform-browser@21.0.6(@angular/common@21.0.6(@angular/core@21.0.6(rxjs@7.8.2))(rxjs@7.8.2))(@angular/core@21.0.6(rxjs@7.8.2)))(rxjs@7.8.2))(luxon@3.7.2):
    dependencies:
      '@angular/common': 21.0.6(@angular/core@21.0.6(rxjs@7.8.2))(rxjs@7.8.2)
      '@angular/core': 21.0.6(rxjs@7.8.2)
      '@angular/forms': 21.0.6(@angular/common@21.0.6(@angular/core@21.0.6(rxjs@7.8.2))(rxjs@7.8.2))(@angular/core@21.0.6(rxjs@7.8.2))(@angular/platform-browser@21.0.6(@angular/common@21.0.6(@angular/core@21.0.6(rxjs@7.8.2))(rxjs@7.8.2))(@angular/core@21.0.6(rxjs@7.8.2)))(rxjs@7.8.2)
      luxon: 3.7.2
      tslib: 2.8.1

  rxjs@7.8.2:
    dependencies:
      tslib: 2.8.1

  tslib@2.8.1: {}
